<?xml version="1.0" encoding="utf-8"?>
<Project ToolsVersion="4.0" xmlns="http://schemas.microsoft.com/developer/msbuild/2003">
  <ItemGroup>
    <CudaCompile Include="NeuralNetwork.cu" />
  </ItemGroup>
  <ItemGroup>
    <ClCompile Include="Display.cpp" />
    <ClCompile Include="Main.cpp" />
    <ClCompile Include="Timer.cpp" />
    <ClCompile Include="FileUtil.cpp" />
  </ItemGroup>
  <ItemGroup>
    <ClInclude Include="Display.h" />
    <ClInclude Include="NeuralNetwork.cuh" />
    <ClInclude Include="Timer.h" />
    <ClInclude Include="FileUtil.h" />
  </ItemGroup>
</Project>